<?xml version="1.0" encoding="utf-8"?>
<Project ToolsVersion="17.0" xmlns="http://schemas.microsoft.com/developer/msbuild/2003">
  <ItemGroup>
    <ClCompile Include="E:\semester_three_upper\编译原理\OpenGL_shader\Glitter\Sources\main.cpp">
      <Filter>Sources</Filter>
    </ClCompile>
    <ClCompile Include="E:\semester_three_upper\编译原理\OpenGL_shader\Glitter\Vendor\glad\src\glad.c">
      <Filter>Vendors</Filter>
    </ClCompile>
  </ItemGroup>
  <ItemGroup>
    <ClInclude Include="E:\semester_three_upper\编译原理\OpenGL_shader\Glitter\Headers\glitter.hpp">
      <Filter>Headers</Filter>
    </ClInclude>
  </ItemGroup>
  <ItemGroup>
    <CustomBuild Include="E:\semester_three_upper\编译原理\OpenGL_shader\CMakeLists.txt" />
  </ItemGroup>
  <ItemGroup>
    <None Include="E:\semester_three_upper\编译原理\OpenGL_shader\.gitattributes" />
    <None Include="E:\semester_three_upper\编译原理\OpenGL_shader\.gitignore" />
    <None Include="E:\semester_three_upper\编译原理\OpenGL_shader\.gitmodules" />
    <None Include="E:\semester_three_upper\编译原理\OpenGL_shader\Readme.md" />
  </ItemGroup>
  <ItemGroup>
    <Filter Include="Headers">
      <UniqueIdentifier>{9AA50949-B6C4-3782-B1B2-456DC6EF328B}</UniqueIdentifier>
    </Filter>
    <Filter Include="Sources">
      <UniqueIdentifier>{09517C60-7799-3F25-B507-28F15700A53B}</UniqueIdentifier>
    </Filter>
    <Filter Include="Vendors">
      <UniqueIdentifier>{DA673ACA-ACB8-3FFD-A77D-7703963A037D}</UniqueIdentifier>
    </Filter>
  </ItemGroup>
</Project>
