
Microsoft Visual Studio Solution File, Format Version 12.00
# Visual Studio Version 17
Project("{2150E333-8FDC-42A3-9474-1A3956D46DE8}") = "CMakePredefinedTargets", "CMakePredefinedTargets", "{84CD0739-6F51-3A8D-8ED0-AF98F4CC9C45}"
EndProject
Project("{2150E333-8FDC-42A3-9474-1A3956D46DE8}") = "GLFW3", "GLFW3", "{BB44A372-BCCA-3296-8A95-7292C97CF8C2}"
EndProject
Project("{8BC9CEB8-8B4A-11D0-8D11-00A0C91BC942}") = "ALL_BUILD", "ALL_BUILD.vcxproj", "{D2AE5285-3075-317B-9AD5-FA73501BA5AB}"
	ProjectSection(ProjectDependencies) = postProject
		{73012331-793D-35F2-A65C-E131E100E194} = {73012331-793D-35F2-A65C-E131E100E194}
		{420DDEDA-5000-36C5-B9BD-42928B53E98A} = {420DDEDA-5000-36C5-B9BD-42928B53E98A}
		{5ECD5AF7-4839-327F-A153-DD88ECA1CA2A} = {5ECD5AF7-4839-327F-A153-DD88ECA1CA2A}
		{4DBAB995-7829-3946-8B85-1C0064E46DB6} = {4DBAB995-7829-3946-8B85-1C0064E46DB6}
		{182578E3-4650-3196-94A7-2D6D436459DF} = {182578E3-4650-3196-94A7-2D6D436459DF}
	EndProjectSection
EndProject
Project("{8BC9CEB8-8B4A-11D0-8D11-00A0C91BC942}") = "Glitter", "Glitter.vcxproj", "{73012331-793D-35F2-A65C-E131E100E194}"
	ProjectSection(ProjectDependencies) = postProject
		{420DDEDA-5000-36C5-B9BD-42928B53E98A} = {420DDEDA-5000-36C5-B9BD-42928B53E98A}
		{5ECD5AF7-4839-327F-A153-DD88ECA1CA2A} = {5ECD5AF7-4839-327F-A153-DD88ECA1CA2A}
		{4DBAB995-7829-3946-8B85-1C0064E46DB6} = {4DBAB995-7829-3946-8B85-1C0064E46DB6}
		{182578E3-4650-3196-94A7-2D6D436459DF} = {182578E3-4650-3196-94A7-2D6D436459DF}
	EndProjectSection
EndProject
Project("{8BC9CEB8-8B4A-11D0-8D11-00A0C91BC942}") = "INSTALL", "INSTALL.vcxproj", "{B853DEAF-F4BE-34BE-BC03-86437C5DCD64}"
	ProjectSection(ProjectDependencies) = postProject
		{D2AE5285-3075-317B-9AD5-FA73501BA5AB} = {D2AE5285-3075-317B-9AD5-FA73501BA5AB}
		{420DDEDA-5000-36C5-B9BD-42928B53E98A} = {420DDEDA-5000-36C5-B9BD-42928B53E98A}
	EndProjectSection
EndProject
Project("{8BC9CEB8-8B4A-11D0-8D11-00A0C91BC942}") = "UpdateAssimpLibsDebugSymbolsAndDLLs", "Glitter\Vendor\assimp\UpdateAssimpLibsDebugSymbolsAndDLLs.vcxproj", "{710CA18C-CEAE-33AF-93FB-5F1BA2F50361}"
	ProjectSection(ProjectDependencies) = postProject
		{420DDEDA-5000-36C5-B9BD-42928B53E98A} = {420DDEDA-5000-36C5-B9BD-42928B53E98A}
	EndProjectSection
EndProject
Project("{8BC9CEB8-8B4A-11D0-8D11-00A0C91BC942}") = "ZERO_CHECK", "ZERO_CHECK.vcxproj", "{420DDEDA-5000-36C5-B9BD-42928B53E98A}"
	ProjectSection(ProjectDependencies) = postProject
	EndProjectSection
EndProject
Project("{8BC9CEB8-8B4A-11D0-8D11-00A0C91BC942}") = "assimp", "Glitter\Vendor\assimp\code\assimp.vcxproj", "{5ECD5AF7-4839-327F-A153-DD88ECA1CA2A}"
	ProjectSection(ProjectDependencies) = postProject
		{420DDEDA-5000-36C5-B9BD-42928B53E98A} = {420DDEDA-5000-36C5-B9BD-42928B53E98A}
		{182578E3-4650-3196-94A7-2D6D436459DF} = {182578E3-4650-3196-94A7-2D6D436459DF}
	EndProjectSection
EndProject
Project("{8BC9CEB8-8B4A-11D0-8D11-00A0C91BC942}") = "glfw", "Glitter\Vendor\glfw\src\glfw.vcxproj", "{4DBAB995-7829-3946-8B85-1C0064E46DB6}"
	ProjectSection(ProjectDependencies) = postProject
		{420DDEDA-5000-36C5-B9BD-42928B53E98A} = {420DDEDA-5000-36C5-B9BD-42928B53E98A}
	EndProjectSection
EndProject
Project("{8BC9CEB8-8B4A-11D0-8D11-00A0C91BC942}") = "uninstall", "Glitter\Vendor\glfw\uninstall.vcxproj", "{530A1B08-E8AF-3029-A08A-CCAF4A79D5EC}"
	ProjectSection(ProjectDependencies) = postProject
		{420DDEDA-5000-36C5-B9BD-42928B53E98A} = {420DDEDA-5000-36C5-B9BD-42928B53E98A}
	EndProjectSection
EndProject
Project("{8BC9CEB8-8B4A-11D0-8D11-00A0C91BC942}") = "update_mappings", "Glitter\Vendor\glfw\src\update_mappings.vcxproj", "{2F47FFBE-6138-391B-9D3A-F1696620051F}"
	ProjectSection(ProjectDependencies) = postProject
		{420DDEDA-5000-36C5-B9BD-42928B53E98A} = {420DDEDA-5000-36C5-B9BD-42928B53E98A}
	EndProjectSection
EndProject
Project("{8BC9CEB8-8B4A-11D0-8D11-00A0C91BC942}") = "zlibstatic", "Glitter\Vendor\assimp\contrib\zlib\zlibstatic.vcxproj", "{182578E3-4650-3196-94A7-2D6D436459DF}"
	ProjectSection(ProjectDependencies) = postProject
		{420DDEDA-5000-36C5-B9BD-42928B53E98A} = {420DDEDA-5000-36C5-B9BD-42928B53E98A}
	EndProjectSection
EndProject
Global
	GlobalSection(SolutionConfigurationPlatforms) = preSolution
		Debug|x64 = Debug|x64
		Release|x64 = Release|x64
		MinSizeRel|x64 = MinSizeRel|x64
		RelWithDebInfo|x64 = RelWithDebInfo|x64
	EndGlobalSection
	GlobalSection(ProjectConfigurationPlatforms) = postSolution
		{D2AE5285-3075-317B-9AD5-FA73501BA5AB}.Debug|x64.ActiveCfg = Debug|x64
		{D2AE5285-3075-317B-9AD5-FA73501BA5AB}.Debug|x64.Build.0 = Debug|x64
		{D2AE5285-3075-317B-9AD5-FA73501BA5AB}.Release|x64.ActiveCfg = Release|x64
		{D2AE5285-3075-317B-9AD5-FA73501BA5AB}.Release|x64.Build.0 = Release|x64
		{D2AE5285-3075-317B-9AD5-FA73501BA5AB}.MinSizeRel|x64.ActiveCfg = MinSizeRel|x64
		{D2AE5285-3075-317B-9AD5-FA73501BA5AB}.MinSizeRel|x64.Build.0 = MinSizeRel|x64
		{D2AE5285-3075-317B-9AD5-FA73501BA5AB}.RelWithDebInfo|x64.ActiveCfg = RelWithDebInfo|x64
		{D2AE5285-3075-317B-9AD5-FA73501BA5AB}.RelWithDebInfo|x64.Build.0 = RelWithDebInfo|x64
		{73012331-793D-35F2-A65C-E131E100E194}.Debug|x64.ActiveCfg = Debug|x64
		{73012331-793D-35F2-A65C-E131E100E194}.Debug|x64.Build.0 = Debug|x64
		{73012331-793D-35F2-A65C-E131E100E194}.Release|x64.ActiveCfg = Release|x64
		{73012331-793D-35F2-A65C-E131E100E194}.Release|x64.Build.0 = Release|x64
		{73012331-793D-35F2-A65C-E131E100E194}.MinSizeRel|x64.ActiveCfg = MinSizeRel|x64
		{73012331-793D-35F2-A65C-E131E100E194}.MinSizeRel|x64.Build.0 = MinSizeRel|x64
		{73012331-793D-35F2-A65C-E131E100E194}.RelWithDebInfo|x64.ActiveCfg = RelWithDebInfo|x64
		{73012331-793D-35F2-A65C-E131E100E194}.RelWithDebInfo|x64.Build.0 = RelWithDebInfo|x64
		{B853DEAF-F4BE-34BE-BC03-86437C5DCD64}.Debug|x64.ActiveCfg = Debug|x64
		{B853DEAF-F4BE-34BE-BC03-86437C5DCD64}.Release|x64.ActiveCfg = Release|x64
		{B853DEAF-F4BE-34BE-BC03-86437C5DCD64}.MinSizeRel|x64.ActiveCfg = MinSizeRel|x64
		{B853DEAF-F4BE-34BE-BC03-86437C5DCD64}.RelWithDebInfo|x64.ActiveCfg = RelWithDebInfo|x64
		{710CA18C-CEAE-33AF-93FB-5F1BA2F50361}.Debug|x64.ActiveCfg = Debug|x64
		{710CA18C-CEAE-33AF-93FB-5F1BA2F50361}.Release|x64.ActiveCfg = Release|x64
		{710CA18C-CEAE-33AF-93FB-5F1BA2F50361}.MinSizeRel|x64.ActiveCfg = MinSizeRel|x64
		{710CA18C-CEAE-33AF-93FB-5F1BA2F50361}.RelWithDebInfo|x64.ActiveCfg = RelWithDebInfo|x64
		{420DDEDA-5000-36C5-B9BD-42928B53E98A}.Debug|x64.ActiveCfg = Debug|x64
		{420DDEDA-5000-36C5-B9BD-42928B53E98A}.Debug|x64.Build.0 = Debug|x64
		{420DDEDA-5000-36C5-B9BD-42928B53E98A}.Release|x64.ActiveCfg = Release|x64
		{420DDEDA-5000-36C5-B9BD-42928B53E98A}.Release|x64.Build.0 = Release|x64
		{420DDEDA-5000-36C5-B9BD-42928B53E98A}.MinSizeRel|x64.ActiveCfg = MinSizeRel|x64
		{420DDEDA-5000-36C5-B9BD-42928B53E98A}.MinSizeRel|x64.Build.0 = MinSizeRel|x64
		{420DDEDA-5000-36C5-B9BD-42928B53E98A}.RelWithDebInfo|x64.ActiveCfg = RelWithDebInfo|x64
		{420DDEDA-5000-36C5-B9BD-42928B53E98A}.RelWithDebInfo|x64.Build.0 = RelWithDebInfo|x64
		{5ECD5AF7-4839-327F-A153-DD88ECA1CA2A}.Debug|x64.ActiveCfg = Debug|x64
		{5ECD5AF7-4839-327F-A153-DD88ECA1CA2A}.Debug|x64.Build.0 = Debug|x64
		{5ECD5AF7-4839-327F-A153-DD88ECA1CA2A}.Release|x64.ActiveCfg = Release|x64
		{5ECD5AF7-4839-327F-A153-DD88ECA1CA2A}.Release|x64.Build.0 = Release|x64
		{5ECD5AF7-4839-327F-A153-DD88ECA1CA2A}.MinSizeRel|x64.ActiveCfg = MinSizeRel|x64
		{5ECD5AF7-4839-327F-A153-DD88ECA1CA2A}.MinSizeRel|x64.Build.0 = MinSizeRel|x64
		{5ECD5AF7-4839-327F-A153-DD88ECA1CA2A}.RelWithDebInfo|x64.ActiveCfg = RelWithDebInfo|x64
		{5ECD5AF7-4839-327F-A153-DD88ECA1CA2A}.RelWithDebInfo|x64.Build.0 = RelWithDebInfo|x64
		{4DBAB995-7829-3946-8B85-1C0064E46DB6}.Debug|x64.ActiveCfg = Debug|x64
		{4DBAB995-7829-3946-8B85-1C0064E46DB6}.Debug|x64.Build.0 = Debug|x64
		{4DBAB995-7829-3946-8B85-1C0064E46DB6}.Release|x64.ActiveCfg = Release|x64
		{4DBAB995-7829-3946-8B85-1C0064E46DB6}.Release|x64.Build.0 = Release|x64
		{4DBAB995-7829-3946-8B85-1C0064E46DB6}.MinSizeRel|x64.ActiveCfg = MinSizeRel|x64
		{4DBAB995-7829-3946-8B85-1C0064E46DB6}.MinSizeRel|x64.Build.0 = MinSizeRel|x64
		{4DBAB995-7829-3946-8B85-1C0064E46DB6}.RelWithDebInfo|x64.ActiveCfg = RelWithDebInfo|x64
		{4DBAB995-7829-3946-8B85-1C0064E46DB6}.RelWithDebInfo|x64.Build.0 = RelWithDebInfo|x64
		{530A1B08-E8AF-3029-A08A-CCAF4A79D5EC}.Debug|x64.ActiveCfg = Debug|x64
		{530A1B08-E8AF-3029-A08A-CCAF4A79D5EC}.Release|x64.ActiveCfg = Release|x64
		{530A1B08-E8AF-3029-A08A-CCAF4A79D5EC}.MinSizeRel|x64.ActiveCfg = MinSizeRel|x64
		{530A1B08-E8AF-3029-A08A-CCAF4A79D5EC}.RelWithDebInfo|x64.ActiveCfg = RelWithDebInfo|x64
		{2F47FFBE-6138-391B-9D3A-F1696620051F}.Debug|x64.ActiveCfg = Debug|x64
		{2F47FFBE-6138-391B-9D3A-F1696620051F}.Release|x64.ActiveCfg = Release|x64
		{2F47FFBE-6138-391B-9D3A-F1696620051F}.MinSizeRel|x64.ActiveCfg = MinSizeRel|x64
		{2F47FFBE-6138-391B-9D3A-F1696620051F}.RelWithDebInfo|x64.ActiveCfg = RelWithDebInfo|x64
		{182578E3-4650-3196-94A7-2D6D436459DF}.Debug|x64.ActiveCfg = Debug|x64
		{182578E3-4650-3196-94A7-2D6D436459DF}.Debug|x64.Build.0 = Debug|x64
		{182578E3-4650-3196-94A7-2D6D436459DF}.Release|x64.ActiveCfg = Release|x64
		{182578E3-4650-3196-94A7-2D6D436459DF}.Release|x64.Build.0 = Release|x64
		{182578E3-4650-3196-94A7-2D6D436459DF}.MinSizeRel|x64.ActiveCfg = MinSizeRel|x64
		{182578E3-4650-3196-94A7-2D6D436459DF}.MinSizeRel|x64.Build.0 = MinSizeRel|x64
		{182578E3-4650-3196-94A7-2D6D436459DF}.RelWithDebInfo|x64.ActiveCfg = RelWithDebInfo|x64
		{182578E3-4650-3196-94A7-2D6D436459DF}.RelWithDebInfo|x64.Build.0 = RelWithDebInfo|x64
	EndGlobalSection
	GlobalSection(NestedProjects) = preSolution
		{D2AE5285-3075-317B-9AD5-FA73501BA5AB} = {84CD0739-6F51-3A8D-8ED0-AF98F4CC9C45}
		{B853DEAF-F4BE-34BE-BC03-86437C5DCD64} = {84CD0739-6F51-3A8D-8ED0-AF98F4CC9C45}
		{420DDEDA-5000-36C5-B9BD-42928B53E98A} = {84CD0739-6F51-3A8D-8ED0-AF98F4CC9C45}
		{4DBAB995-7829-3946-8B85-1C0064E46DB6} = {BB44A372-BCCA-3296-8A95-7292C97CF8C2}
		{530A1B08-E8AF-3029-A08A-CCAF4A79D5EC} = {BB44A372-BCCA-3296-8A95-7292C97CF8C2}
		{2F47FFBE-6138-391B-9D3A-F1696620051F} = {BB44A372-BCCA-3296-8A95-7292C97CF8C2}
	EndGlobalSection
	GlobalSection(ExtensibilityGlobals) = postSolution
		SolutionGuid = {CD5E8F43-010D-3B5F-BCD8-BC7304426277}
	EndGlobalSection
	GlobalSection(ExtensibilityAddIns) = postSolution
	EndGlobalSection
EndGlobal
